
Microsoft Visual Studio Solution File, Format Version 12.00
# Visual Studio Version 16
VisualStudioVersion = 25.0.1700.5
MinimumVisualStudioVersion = 10.0.40219.1
Project("{FAE04EC0-301F-11D3-BF4B-00C04F79EFBC}") = "dotnet-tutorial-2022", "dotnet-tutorial-2022.csproj", "{4B90A454-C976-4F41-96C7-42DA4C897488}"
EndProject
Global
	GlobalSection(SolutionConfigurationPlatforms) = preSolution
		Debug|Any CPU = Debug|Any CPU
		Release|Any CPU = Release|Any CPU
	EndGlobalSection
	GlobalSection(ProjectConfigurationPlatforms) = postSolution
		{4B90A454-C976-4F41-96C7-42DA4C897488}.Debug|Any CPU.ActiveCfg = Debug|Any CPU
		{4B90A454-C976-4F41-96C7-42DA4C897488}.Debug|Any CPU.Build.0 = Debug|Any CPU
		{4B90A454-C976-4F41-96C7-42DA4C897488}.Release|Any CPU.ActiveCfg = Release|Any CPU
		{4B90A454-C976-4F41-96C7-42DA4C897488}.Release|Any CPU.Build.0 = Release|Any CPU
	EndGlobalSection
	GlobalSection(SolutionProperties) = preSolution
		HideSolutionNode = FALSE
	EndGlobalSection
	GlobalSection(ExtensibilityGlobals) = postSolution
		SolutionGuid = {007C02A9-D758-4F7D-85DB-0DB8230A096B}
	EndGlobalSection
EndGlobal
